
Microsoft Visual Studio Solution File, Format Version 12.00
# Visual Studio Version 16
VisualStudioVersion = 16.0.29418.71
MinimumVisualStudioVersion = 10.0.40219.1
Project("{FAE04EC0-301F-11D3-BF4B-00C04F79EFBC}") = "George-Zhou_GenericMethods", "George-Zhou_COMP212_Sec05_Lab01\George-Zhou_GenericMethods.csproj", "{B6571F59-90C5-4901-AFD9-D1D743188031}"
EndProject
Project("{FAE04EC0-301F-11D3-BF4B-00C04F79EFBC}") = "George-Zhou_ExtensionMethods", "ExtensionMethods\George-Zhou_ExtensionMethods.csproj", "{ED6050F1-7FFB-4D2A-98CD-D3EE9442B723}"
EndProject
Project("{9A19103F-16F7-4668-BE54-9A1E7A4F7556}") = "George-Zhou_LinkedListLibrary", "George-Zhou_LinkedListLibrary\George-Zhou_LinkedListLibrary.csproj", "{30E9CDE4-9B31-4219-8C5A-2CCE95AD10E6}"
EndProject
Project("{FAE04EC0-301F-11D3-BF4B-00C04F79EFBC}") = "George-Zhou_LinkedListLibraryTest", "George-Zhou_LinkedListLibraryTest\George-Zhou_LinkedListLibraryTest.csproj", "{1FDC5FA6-3B9A-4339-A857-5E9B77F7058D}"
EndProject
Global
	GlobalSection(SolutionConfigurationPlatforms) = preSolution
		Debug|Any CPU = Debug|Any CPU
		Release|Any CPU = Release|Any CPU
	EndGlobalSection
	GlobalSection(ProjectConfigurationPlatforms) = postSolution
		{B6571F59-90C5-4901-AFD9-D1D743188031}.Debug|Any CPU.ActiveCfg = Debug|Any CPU
		{B6571F59-90C5-4901-AFD9-D1D743188031}.Debug|Any CPU.Build.0 = Debug|Any CPU
		{B6571F59-90C5-4901-AFD9-D1D743188031}.Release|Any CPU.ActiveCfg = Release|Any CPU
		{B6571F59-90C5-4901-AFD9-D1D743188031}.Release|Any CPU.Build.0 = Release|Any CPU
		{ED6050F1-7FFB-4D2A-98CD-D3EE9442B723}.Debug|Any CPU.ActiveCfg = Debug|Any CPU
		{ED6050F1-7FFB-4D2A-98CD-D3EE9442B723}.Debug|Any CPU.Build.0 = Debug|Any CPU
		{ED6050F1-7FFB-4D2A-98CD-D3EE9442B723}.Release|Any CPU.ActiveCfg = Release|Any CPU
		{ED6050F1-7FFB-4D2A-98CD-D3EE9442B723}.Release|Any CPU.Build.0 = Release|Any CPU
		{30E9CDE4-9B31-4219-8C5A-2CCE95AD10E6}.Debug|Any CPU.ActiveCfg = Debug|Any CPU
		{30E9CDE4-9B31-4219-8C5A-2CCE95AD10E6}.Debug|Any CPU.Build.0 = Debug|Any CPU
		{30E9CDE4-9B31-4219-8C5A-2CCE95AD10E6}.Release|Any CPU.ActiveCfg = Release|Any CPU
		{30E9CDE4-9B31-4219-8C5A-2CCE95AD10E6}.Release|Any CPU.Build.0 = Release|Any CPU
		{1FDC5FA6-3B9A-4339-A857-5E9B77F7058D}.Debug|Any CPU.ActiveCfg = Debug|Any CPU
		{1FDC5FA6-3B9A-4339-A857-5E9B77F7058D}.Debug|Any CPU.Build.0 = Debug|Any CPU
		{1FDC5FA6-3B9A-4339-A857-5E9B77F7058D}.Release|Any CPU.ActiveCfg = Release|Any CPU
		{1FDC5FA6-3B9A-4339-A857-5E9B77F7058D}.Release|Any CPU.Build.0 = Release|Any CPU
	EndGlobalSection
	GlobalSection(SolutionProperties) = preSolution
		HideSolutionNode = FALSE
	EndGlobalSection
	GlobalSection(ExtensibilityGlobals) = postSolution
		SolutionGuid = {A9267AB5-22A1-48E4-8F57-D30FC7AF9FD3}
	EndGlobalSection
EndGlobal
